{
  "lockfileVersion": 1,
  "configVersion": 1,
  "workspaces": {
    "": {
      "name": "ts-macros",
      "dependencies": {
        "@babel/generator": "^7.23.0",
        "@babel/types": "^7.23.0",
      },
      "devDependencies": {
        "@types/babel__core": "^7.20.5",
        "@types/babel__generator": "^7.27.0",
        "@types/bun": "latest",
        "@typescript/native-preview": "^7.0.0-dev.20260308.1",
        "prettier": "^3.6.2",
      },
      "peerDependencies": {
        "typescript": "^5",
      },
    },
  },
  "packages": {
    "@babel/generator": ["@babel/generator@7.28.5", "", { "dependencies": { "@babel/parser": "^7.28.5", "@babel/types": "^7.28.5", "@jridgewell/gen-mapping": "^0.3.12", "@jridgewell/trace-mapping": "^0.3.28", "jsesc": "^3.0.2" } }, "sha512-3EwLFhZ38J4VyIP6WNtt2kUdW9dokXA9Cr4IVIFHuCpZ3H8/YFOl5JjZHisrn1fATPBmKKqXzDFvh9fUwHz6CQ=="],

    "@babel/helper-string-parser": ["@babel/helper-string-parser@7.27.1", "", {}, "sha512-qMlSxKbpRlAridDExk92nSobyDdpPijUq2DW6oDnUqd0iOGxmQjyqhMIihI9+zv4LPyZdRje2cavWPbCbWm3eA=="],

    "@babel/helper-validator-identifier": ["@babel/helper-validator-identifier@7.28.5", "", {}, "sha512-qSs4ifwzKJSV39ucNjsvc6WVHs6b7S03sOh2OcHF9UHfVPqWWALUsNUVzhSBiItjRZoLHx7nIarVjqKVusUZ1Q=="],

    "@babel/parser": ["@babel/parser@7.28.5", "", { "dependencies": { "@babel/types": "^7.28.5" }, "bin": "./bin/babel-parser.js" }, "sha512-KKBU1VGYR7ORr3At5HAtUQ+TV3SzRCXmA/8OdDZiLDBIZxVyzXuztPjfLd3BV1PRAQGCMWWSHYhL0F8d5uHBDQ=="],

    "@babel/types": ["@babel/types@7.28.5", "", { "dependencies": { "@babel/helper-string-parser": "^7.27.1", "@babel/helper-validator-identifier": "^7.28.5" } }, "sha512-qQ5m48eI/MFLQ5PxQj4PFaprjyCTLI37ElWMmNs0K8Lk3dVeOdNpB3ks8jc7yM5CDmVC73eMVk/trk3fgmrUpA=="],

    "@jridgewell/gen-mapping": ["@jridgewell/gen-mapping@0.3.13", "", { "dependencies": { "@jridgewell/sourcemap-codec": "^1.5.0", "@jridgewell/trace-mapping": "^0.3.24" } }, "sha512-2kkt/7niJ6MgEPxF0bYdQ6etZaA+fQvDcLKckhy1yIQOzaoKjBBjSj63/aLVjYE3qhRt5dvM+uUyfCg6UKCBbA=="],

    "@jridgewell/resolve-uri": ["@jridgewell/resolve-uri@3.1.2", "", {}, "sha512-bRISgCIjP20/tbWSPWMEi54QVPRZExkuD9lJL+UIxUKtwVJA8wW1Trb1jMs1RFXo1CBTNZ/5hpC9QvmKWdopKw=="],

    "@jridgewell/sourcemap-codec": ["@jridgewell/sourcemap-codec@1.5.5", "", {}, "sha512-cYQ9310grqxueWbl+WuIUIaiUaDcj7WOq5fVhEljNVgRfOUhY9fy2zTvfoqWsnebh8Sl70VScFbICvJnLKB0Og=="],

    "@jridgewell/trace-mapping": ["@jridgewell/trace-mapping@0.3.31", "", { "dependencies": { "@jridgewell/resolve-uri": "^3.1.0", "@jridgewell/sourcemap-codec": "^1.4.14" } }, "sha512-zzNR+SdQSDJzc8joaeP8QQoCQr8NuYx2dIIytl1QeBEZHJ9uW6hebsrYgbz8hJwUQao3TWCMtmfV8Nu1twOLAw=="],

    "@types/babel__core": ["@types/babel__core@7.20.5", "", { "dependencies": { "@babel/parser": "^7.20.7", "@babel/types": "^7.20.7", "@types/babel__generator": "*", "@types/babel__template": "*", "@types/babel__traverse": "*" } }, "sha512-qoQprZvz5wQFJwMDqeseRXWv3rqMvhgpbXFfVyWhbx9X47POIA6i/+dXefEmZKoAgOaTdaIgNSMqMIU61yRyzA=="],

    "@types/babel__generator": ["@types/babel__generator@7.27.0", "", { "dependencies": { "@babel/types": "^7.0.0" } }, "sha512-ufFd2Xi92OAVPYsy+P4n7/U7e68fex0+Ee8gSG9KX7eo084CWiQ4sdxktvdl0bOPupXtVJPY19zk6EwWqUQ8lg=="],

    "@types/babel__template": ["@types/babel__template@7.4.4", "", { "dependencies": { "@babel/parser": "^7.1.0", "@babel/types": "^7.0.0" } }, "sha512-h/NUaSyG5EyxBIp8YRxo4RMe2/qQgvyowRwVMzhYhBCONbW8PUsg4lkFMrhgZhUe5z3L3MiLDuvyJ/CaPa2A8A=="],

    "@types/babel__traverse": ["@types/babel__traverse@7.28.0", "", { "dependencies": { "@babel/types": "^7.28.2" } }, "sha512-8PvcXf70gTDZBgt9ptxJ8elBeBjcLOAcOtoO/mPJjtji1+CdGbHgm77om1GrsPxsiE+uXIpNSK64UYaIwQXd4Q=="],

    "@types/bun": ["@types/bun@1.3.3", "", { "dependencies": { "bun-types": "1.3.3" } }, "sha512-ogrKbJ2X5N0kWLLFKeytG0eHDleBYtngtlbu9cyBKFtNL3cnpDZkNdQj8flVf6WTZUX5ulI9AY1oa7ljhSrp+g=="],

    "@types/node": ["@types/node@24.10.1", "", { "dependencies": { "undici-types": "~7.16.0" } }, "sha512-GNWcUTRBgIRJD5zj+Tq0fKOJ5XZajIiBroOF0yvj2bSU1WvNdYS/dn9UxwsujGW4JX06dnHyjV2y9rRaybH0iQ=="],

    "@typescript/native-preview": ["@typescript/native-preview@7.0.0-dev.20260308.1", "", { "optionalDependencies": { "@typescript/native-preview-darwin-arm64": "7.0.0-dev.20260308.1", "@typescript/native-preview-darwin-x64": "7.0.0-dev.20260308.1", "@typescript/native-preview-linux-arm": "7.0.0-dev.20260308.1", "@typescript/native-preview-linux-arm64": "7.0.0-dev.20260308.1", "@typescript/native-preview-linux-x64": "7.0.0-dev.20260308.1", "@typescript/native-preview-win32-arm64": "7.0.0-dev.20260308.1", "@typescript/native-preview-win32-x64": "7.0.0-dev.20260308.1" }, "bin": { "tsgo": "bin/tsgo.js" } }, "sha512-8a3oe5IAfBkEfMouRheNhOXUScBSHIUknPvUdsbxx7s+Ja1lxFNA1X1TTl2T18vu72Q/mM86vxefw5eW8/ps3g=="],

    "@typescript/native-preview-darwin-arm64": ["@typescript/native-preview-darwin-arm64@7.0.0-dev.20260308.1", "", { "os": "darwin", "cpu": "arm64" }, "sha512-mywkctYr45fUBUYD35poInc9HEjup0zyCO5z3ZU2QC9eCQShpwYSDceoSCwxVKB/b/f/CU6H3LqINFeIz5CvrQ=="],

    "@typescript/native-preview-darwin-x64": ["@typescript/native-preview-darwin-x64@7.0.0-dev.20260308.1", "", { "os": "darwin", "cpu": "x64" }, "sha512-iF+Y4USbCiD5BxmXI6xYuy+S6d2BhxKDb3YHjchzqg3AgleDNTd2rqSzlWv4ku26V2iOSfpM9t1H/xluL9pgNw=="],

    "@typescript/native-preview-linux-arm": ["@typescript/native-preview-linux-arm@7.0.0-dev.20260308.1", "", { "os": "linux", "cpu": "arm" }, "sha512-vg8hwfwIhT8CmYJI5lG3PP8IoNzKKBGbq1cKjxQabSZTPuQKwVFVity2XKTKZKd+qRGL7xW4UWMJZLFgSx3b2Q=="],

    "@typescript/native-preview-linux-arm64": ["@typescript/native-preview-linux-arm64@7.0.0-dev.20260308.1", "", { "os": "linux", "cpu": "arm64" }, "sha512-uEIIbW1JYPGEesVh/P5xA+xox7pQ6toeFPeke2X2H2bs5YkWHVaUQtVZuKNmGelw+2PCG6XRrXvMgMp056ebuQ=="],

    "@typescript/native-preview-linux-x64": ["@typescript/native-preview-linux-x64@7.0.0-dev.20260308.1", "", { "os": "linux", "cpu": "x64" }, "sha512-Yd/ht0CGE4NYUAjuHa1u4VbiJbyUgvDh+b2o+Zcb2h5t8B761DIzDm24QqVXh+KhvGUoEodXWg3g3APxLHqj8Q=="],

    "@typescript/native-preview-win32-arm64": ["@typescript/native-preview-win32-arm64@7.0.0-dev.20260308.1", "", { "os": "win32", "cpu": "arm64" }, "sha512-Klk6BoiHegfPmkO0YYrXmbYVdPjOfN25lRkzenqDIwbyzPlABHvICCyo5YRvWD3HU4EeDfLisIFU9wEd/0duCw=="],

    "@typescript/native-preview-win32-x64": ["@typescript/native-preview-win32-x64@7.0.0-dev.20260308.1", "", { "os": "win32", "cpu": "x64" }, "sha512-4LrXmaMfzedwczANIkD/M9guPD4EWuQnCxOJsJkdYi3ExWQDjIFwfmxTtAmfPBWxVExLfn7UUkz/yCtcv2Wd+w=="],

    "bun-types": ["bun-types@1.3.3", "", { "dependencies": { "@types/node": "*" } }, "sha512-z3Xwlg7j2l9JY27x5Qn3Wlyos8YAp0kKRlrePAOjgjMGS5IG6E7Jnlx736vH9UVI4wUICwwhC9anYL++XeOgTQ=="],

    "jsesc": ["jsesc@3.1.0", "", { "bin": { "jsesc": "bin/jsesc" } }, "sha512-/sM3dO2FOzXjKQhJuo0Q173wf2KOo8t4I8vHy6lF9poUp7bKT0/NHE8fPX23PwfhnykfqnC2xRxOnVw5XuGIaA=="],

    "prettier": ["prettier@3.8.1", "", { "bin": { "prettier": "bin/prettier.cjs" } }, "sha512-UOnG6LftzbdaHZcKoPFtOcCKztrQ57WkHDeRD9t/PTQtmT0NHSeWWepj6pS0z/N7+08BHFDQVUrfmfMRcZwbMg=="],

    "typescript": ["typescript@5.9.3", "", { "bin": { "tsc": "bin/tsc", "tsserver": "bin/tsserver" } }, "sha512-jl1vZzPDinLr9eUt3J/t7V6FgNEw9QjvBPdysz9KfQDD41fQrC2Y4vKQdiaUpFT4bXlb1RHhLpp8wtm6M5TgSw=="],

    "undici-types": ["undici-types@7.16.0", "", {}, "sha512-Zz+aZWSj8LE6zoxD+xrjh4VfkIG8Ya6LvYkZqtUQGJPZjYl53ypCaUwWqo7eI0x66KBGeRo+mlBEkMSeSZ38Nw=="],
  }
}
